// !$*UTF8*$!
{
	archiveVersion = 1;
	classes = {
	};
	objectVersion = 56;
	objects = {

/* Begin PBXBuildFile section */
		4734A1902C7BA17100317948 /* ArchiveApp.swift in Sources */ = {isa = PBXBuildFile; fileRef = 4734A18F2C7BA17100317948 /* ArchiveApp.swift */; };
		4734A1922C7BA17100317948 /* ContentView.swift in Sources */ = {isa = PBXBuildFile; fileRef = 4734A1912C7BA17100317948 /* ContentView.swift */; };
		4734A1942C7BA17200317948 /* Assets.xcassets in Resources */ = {isa = PBXBuildFile; fileRef = 4734A1932C7BA17200317948 /* Assets.xcassets */; };
		4734A1972C7BA17200317948 /* Preview Assets.xcassets in Resources */ = {isa = PBXBuildFile; fileRef = 4734A1962C7BA17200317948 /* Preview Assets.xcassets */; };
		47B5ECFB2C7EF46800B7F89F /* Constants.swift in Sources */ = {isa = PBXBuildFile; fileRef = 47B5ECFA2C7EF46800B7F89F /* Constants.swift */; };
		47B5ECFD2C7F17DB00B7F89F /* Color+.swift in Sources */ = {isa = PBXBuildFile; fileRef = 47B5ECFC2C7F17DB00B7F89F /* Color+.swift */; };
		47B5ECFF2C7F3C4B00B7F89F /* UprisingHeartView.swift in Sources */ = {isa = PBXBuildFile; fileRef = 47B5ECFE2C7F3C4B00B7F89F /* UprisingHeartView.swift */; };
		47B5ED032C7F459A00B7F89F /* SplashView.swift in Sources */ = {isa = PBXBuildFile; fileRef = 47B5ED022C7F459A00B7F89F /* SplashView.swift */; };
/* End PBXBuildFile section */

/* Begin PBXFileReference section */
		4734A18C2C7BA17100317948 /* Archive.app */ = {isa = PBXFileReference; explicitFileType = wrapper.application; includeInIndex = 0; path = Archive.app; sourceTree = BUILT_PRODUCTS_DIR; };
		4734A18F2C7BA17100317948 /* ArchiveApp.swift */ = {isa = PBXFileReference; lastKnownFileType = sourcecode.swift; path = ArchiveApp.swift; sourceTree = "<group>"; };
		4734A1912C7BA17100317948 /* ContentView.swift */ = {isa = PBXFileReference; lastKnownFileType = sourcecode.swift; path = ContentView.swift; sourceTree = "<group>"; };
		4734A1932C7BA17200317948 /* Assets.xcassets */ = {isa = PBXFileReference; lastKnownFileType = folder.assetcatalog; path = Assets.xcassets; sourceTree = "<group>"; };
		4734A1962C7BA17200317948 /* Preview Assets.xcassets */ = {isa = PBXFileReference; lastKnownFileType = folder.assetcatalog; path = "Preview Assets.xcassets"; sourceTree = "<group>"; };
		47B5ECFA2C7EF46800B7F89F /* Constants.swift */ = {isa = PBXFileReference; lastKnownFileType = sourcecode.swift; path = Constants.swift; sourceTree = "<group>"; };
		47B5ECFC2C7F17DB00B7F89F /* Color+.swift */ = {isa = PBXFileReference; lastKnownFileType = sourcecode.swift; path = "Color+.swift"; sourceTree = "<group>"; };
		47B5ECFE2C7F3C4B00B7F89F /* UprisingHeartView.swift */ = {isa = PBXFileReference; lastKnownFileType = sourcecode.swift; path = UprisingHeartView.swift; sourceTree = "<group>"; };
		47B5ED022C7F459A00B7F89F /* SplashView.swift */ = {isa = PBXFileReference; lastKnownFileType = sourcecode.swift; path = SplashView.swift; sourceTree = "<group>"; };
/* End PBXFileReference section */

/* Begin PBXFrameworksBuildPhase section */
		4734A1892C7BA17100317948 /* Frameworks */ = {
			isa = PBXFrameworksBuildPhase;
			buildActionMask = 2147483647;
			files = (
			);
			runOnlyForDeploymentPostprocessing = 0;
		};
/* End PBXFrameworksBuildPhase section */

/* Begin PBXGroup section */
		4734A1832C7BA17100317948 = {
			isa = PBXGroup;
			children = (
				4734A18E2C7BA17100317948 /* Archive */,
				4734A18D2C7BA17100317948 /* Products */,
			);
			sourceTree = "<group>";
		};
		4734A18D2C7BA17100317948 /* Products */ = {
			isa = PBXGroup;
			children = (
				4734A18C2C7BA17100317948 /* Archive.app */,
			);
			name = Products;
			sourceTree = "<group>";
		};
		4734A18E2C7BA17100317948 /* Archive */ = {
			isa = PBXGroup;
			children = (
				47B5ED002C7F44DC00B7F89F /* App */,
				47B5ED012C7F458500B7F89F /* Projects */,
				47B5ECF82C7EF44D00B7F89F /* Utils */,
				4734A1932C7BA17200317948 /* Assets.xcassets */,
				4734A1952C7BA17200317948 /* Preview Content */,
			);
			path = Archive;
			sourceTree = "<group>";
		};
		4734A1952C7BA17200317948 /* Preview Content */ = {
			isa = PBXGroup;
			children = (
				4734A1962C7BA17200317948 /* Preview Assets.xcassets */,
			);
			path = "Preview Content";
			sourceTree = "<group>";
		};
		47B5ECF82C7EF44D00B7F89F /* Utils */ = {
			isa = PBXGroup;
			children = (
				47B5ECF92C7EF45900B7F89F /* Extensions */,
				47B5ECFA2C7EF46800B7F89F /* Constants.swift */,
			);
			path = Utils;
			sourceTree = "<group>";
		};
		47B5ECF92C7EF45900B7F89F /* Extensions */ = {
			isa = PBXGroup;
			children = (
				47B5ECFC2C7F17DB00B7F89F /* Color+.swift */,
			);
			path = Extensions;
			sourceTree = "<group>";
		};
		47B5ED002C7F44DC00B7F89F /* App */ = {
			isa = PBXGroup;
			children = (
				4734A18F2C7BA17100317948 /* ArchiveApp.swift */,
				47B5ED022C7F459A00B7F89F /* SplashView.swift */,
				4734A1912C7BA17100317948 /* ContentView.swift */,
			);
			path = App;
			sourceTree = "<group>";
		};
		47B5ED012C7F458500B7F89F /* Projects */ = {
			isa = PBXGroup;
			children = (
				47B5ECFE2C7F3C4B00B7F89F /* UprisingHeartView.swift */,
			);
			path = Projects;
			sourceTree = "<group>";
		};
/* End PBXGroup section */

/* Begin PBXNativeTarget section */
		4734A18B2C7BA17100317948 /* Archive */ = {
			isa = PBXNativeTarget;
			buildConfigurationList = 4734A19A2C7BA17200317948 /* Build configuration list for PBXNativeTarget "Archive" */;
			buildPhases = (
				4734A1882C7BA17100317948 /* Sources */,
				4734A1892C7BA17100317948 /* Frameworks */,
				4734A18A2C7BA17100317948 /* Resources */,
			);
			buildRules = (
			);
			dependencies = (
			);
			name = Archive;
			productName = Archive;
			productReference = 4734A18C2C7BA17100317948 /* Archive.app */;
			productType = "com.apple.product-type.application";
		};
/* End PBXNativeTarget section */

/* Begin PBXProject section */
		4734A1842C7BA17100317948 /* Project object */ = {
			isa = PBXProject;
			attributes = {
				BuildIndependentTargetsInParallel = 1;
				LastSwiftUpdateCheck = 1540;
				LastUpgradeCheck = 1540;
				TargetAttributes = {
					4734A18B2C7BA17100317948 = {
						CreatedOnToolsVersion = 15.4;
					};
				};
			};
			buildConfigurationList = 4734A1872C7BA17100317948 /* Build configuration list for PBXProject "Archive" */;
			compatibilityVersion = "Xcode 14.0";
			developmentRegion = en;
			hasScannedForEncodings = 0;
			knownRegions = (
				en,
				Base,
			);
			mainGroup = 4734A1832C7BA17100317948;
			productRefGroup = 4734A18D2C7BA17100317948 /* Products */;
			projectDirPath = "";
			projectRoot = "";
			targets = (
				4734A18B2C7BA17100317948 /* Archive */,
			);
		};
/* End PBXProject section */

/* Begin PBXResourcesBuildPhase section */
		4734A18A2C7BA17100317948 /* Resources */ = {
			isa = PBXResourcesBuildPhase;
			buildActionMask = 2147483647;
			files = (
				4734A1972C7BA17200317948 /* Preview Assets.xcassets in Resources */,
				4734A1942C7BA17200317948 /* Assets.xcassets in Resources */,
			);
			runOnlyForDeploymentPostprocessing = 0;
		};
/* End PBXResourcesBuildPhase section */

/* Begin PBXSourcesBuildPhase section */
		4734A1882C7BA17100317948 /* Sources */ = {
			isa = PBXSourcesBuildPhase;
			buildActionMask = 2147483647;
			files = (
				47B5ECFF2C7F3C4B00B7F89F /* UprisingHeartView.swift in Sources */,
				4734A1922C7BA17100317948 /* ContentView.swift in Sources */,
				47B5ECFD2C7F17DB00B7F89F /* Color+.swift in Sources */,
				4734A1902C7BA17100317948 /* ArchiveApp.swift in Sources */,
				47B5ECFB2C7EF46800B7F89F /* Constants.swift in Sources */,
				47B5ED032C7F459A00B7F89F /* SplashView.swift in Sources */,
			);
			runOnlyForDeploymentPostprocessing = 0;
		};
/* End PBXSourcesBuildPhase section */

/* Begin XCBuildConfiguration section */
		4734A1982C7BA17200317948 /* Debug */ = {
			isa = XCBuildConfiguration;
			buildSettings = {
				ALWAYS_SEARCH_USER_PATHS = NO;
				ASSETCATALOG_COMPILER_GENERATE_SWIFT_ASSET_SYMBOL_EXTENSIONS = YES;
				CLANG_ANALYZER_NONNULL = YES;
				CLANG_ANALYZER_NUMBER_OBJECT_CONVERSION = YES_AGGRESSIVE;
				CLANG_CXX_LANGUAGE_STANDARD = "gnu++20";
				CLANG_ENABLE_MODULES = YES;
				CLANG_ENABLE_OBJC_ARC = YES;
				CLANG_ENABLE_OBJC_WEAK = YES;
				CLANG_WARN_BLOCK_CAPTURE_AUTORELEASING = YES;
				CLANG_WARN_BOOL_CONVERSION = YES;
				CLANG_WARN_COMMA = YES;
				CLANG_WARN_CONSTANT_CONVERSION = YES;
				CLANG_WARN_DEPRECATED_OBJC_IMPLEMENTATIONS = YES;
				CLANG_WARN_DIRECT_OBJC_ISA_USAGE = YES_ERROR;
				CLANG_WARN_DOCUMENTATION_COMMENTS = YES;
				CLANG_WARN_EMPTY_BODY = YES;
				CLANG_WARN_ENUM_CONVERSION = YES;
				CLANG_WARN_INFINITE_RECURSION = YES;
				CLANG_WARN_INT_CONVERSION = YES;
				CLANG_WARN_NON_LITERAL_NULL_CONVERSION = YES;
				CLANG_WARN_OBJC_IMPLICIT_RETAIN_SELF = YES;
				CLANG_WARN_OBJC_LITERAL_CONVERSION = YES;
				CLANG_WARN_OBJC_ROOT_CLASS = YES_ERROR;
				CLANG_WARN_QUOTED_INCLUDE_IN_FRAMEWORK_HEADER = YES;
				CLANG_WARN_RANGE_LOOP_ANALYSIS = YES;
				CLANG_WARN_STRICT_PROTOTYPES = YES;
				CLANG_WARN_SUSPICIOUS_MOVE = YES;
				CLANG_WARN_UNGUARDED_AVAILABILITY = YES_AGGRESSIVE;
				CLANG_WARN_UNREACHABLE_CODE = YES;
				CLANG_WARN__DUPLICATE_METHOD_MATCH = YES;
				COPY_PHASE_STRIP = NO;
				DEBUG_INFORMATION_FORMAT = dwarf;
				ENABLE_STRICT_OBJC_MSGSEND = YES;
				ENABLE_TESTABILITY = YES;
				ENABLE_USER_SCRIPT_SANDBOXING = YES;
				GCC_C_LANGUAGE_STANDARD = gnu17;
				GCC_DYNAMIC_NO_PIC = NO;
				GCC_NO_COMMON_BLOCKS = YES;
				GCC_OPTIMIZATION_LEVEL = 0;
				GCC_PREPROCESSOR_DEFINITIONS = (
					"DEBUG=1",
					"$(inherited)",
				);
				GCC_WARN_64_TO_32_BIT_CONVERSION = YES;
				GCC_WARN_ABOUT_RETURN_TYPE = YES_ERROR;
				GCC_WARN_UNDECLARED_SELECTOR = YES;
				GCC_WARN_UNINITIALIZED_AUTOS = YES_AGGRESSIVE;
				GCC_WARN_UNUSED_FUNCTION = YES;
				GCC_WARN_UNUSED_VARIABLE = YES;
				IPHONEOS_DEPLOYMENT_TARGET = 16.0;
				LOCALIZATION_PREFERS_STRING_CATALOGS = YES;
				MTL_ENABLE_DEBUG_INFO = INCLUDE_SOURCE;
				MTL_FAST_MATH = YES;
				ONLY_ACTIVE_ARCH = YES;
				SDKROOT = iphoneos;
				SWIFT_ACTIVE_COMPILATION_CONDITIONS = "DEBUG $(inherited)";
				SWIFT_OPTIMIZATION_LEVEL = "-Onone";
			};
			name = Debug;
		};
		4734A1992C7BA17200317948 /* Release */ = {
			isa = XCBuildConfiguration;
			buildSettings = {
				ALWAYS_SEARCH_USER_PATHS = NO;
				ASSETCATALOG_COMPILER_GENERATE_SWIFT_ASSET_SYMBOL_EXTENSIONS = YES;
				CLANG_ANALYZER_NONNULL = YES;
				CLANG_ANALYZER_NUMBER_OBJECT_CONVERSION = YES_AGGRESSIVE;
				CLANG_CXX_LANGUAGE_STANDARD = "gnu++20";
				CLANG_ENABLE_MODULES = YES;
				CLANG_ENABLE_OBJC_ARC = YES;
				CLANG_ENABLE_OBJC_WEAK = YES;
				CLANG_WARN_BLOCK_CAPTURE_AUTORELEASING = YES;
				CLANG_WARN_BOOL_CONVERSION = YES;
				CLANG_WARN_COMMA = YES;
				CLANG_WARN_CONSTANT_CONVERSION = YES;
				CLANG_WARN_DEPRECATED_OBJC_IMPLEMENTATIONS = YES;
				CLANG_WARN_DIRECT_OBJC_ISA_USAGE = YES_ERROR;
				CLANG_WARN_DOCUMENTATION_COMMENTS = YES;
				CLANG_WARN_EMPTY_BODY = YES;
				CLANG_WARN_ENUM_CONVERSION = YES;
				CLANG_WARN_INFINITE_RECURSION = YES;
				CLANG_WARN_INT_CONVERSION = YES;
				CLANG_WARN_NON_LITERAL_NULL_CONVERSION = YES;
				CLANG_WARN_OBJC_IMPLICIT_RETAIN_SELF = YES;
				CLANG_WARN_OBJC_LITERAL_CONVERSION = YES;
				CLANG_WARN_OBJC_ROOT_CLASS = YES_ERROR;
				CLANG_WARN_QUOTED_INCLUDE_IN_FRAMEWORK_HEADER = YES;
				CLANG_WARN_RANGE_LOOP_ANALYSIS = YES;
				CLANG_WARN_STRICT_PROTOTYPES = YES;
				CLANG_WARN_SUSPICIOUS_MOVE = YES;
				CLANG_WARN_UNGUARDED_AVAILABILITY = YES_AGGRESSIVE;
				CLANG_WARN_UNREACHABLE_CODE = YES;
				CLANG_WARN__DUPLICATE_METHOD_MATCH = YES;
				COPY_PHASE_STRIP = NO;
				DEBUG_INFORMATION_FORMAT = "dwarf-with-dsym";
				ENABLE_NS_ASSERTIONS = NO;
				ENABLE_STRICT_OBJC_MSGSEND = YES;
				ENABLE_USER_SCRIPT_SANDBOXING = YES;
				GCC_C_LANGUAGE_STANDARD = gnu17;
				GCC_NO_COMMON_BLOCKS = YES;
				GCC_WARN_64_TO_32_BIT_CONVERSION = YES;
				GCC_WARN_ABOUT_RETURN_TYPE = YES_ERROR;
				GCC_WARN_UNDECLARED_SELECTOR = YES;
				GCC_WARN_UNINITIALIZED_AUTOS = YES_AGGRESSIVE;
				GCC_WARN_UNUSED_FUNCTION = YES;
				GCC_WARN_UNUSED_VARIABLE = YES;
				IPHONEOS_DEPLOYMENT_TARGET = 16.0;
				LOCALIZATION_PREFERS_STRING_CATALOGS = YES;
				MTL_ENABLE_DEBUG_INFO = NO;
				MTL_FAST_MATH = YES;
				SDKROOT = iphoneos;
				SWIFT_COMPILATION_MODE = wholemodule;
				VALIDATE_PRODUCT = YES;
			};
			name = Release;
		};
		4734A19B2C7BA17200317948 /* Debug */ = {
			isa = XCBuildConfiguration;
			buildSettings = {
				ASSETCATALOG_COMPILER_APPICON_NAME = AppIcon;
				ASSETCATALOG_COMPILER_GLOBAL_ACCENT_COLOR_NAME = AccentColor;
				CODE_SIGN_STYLE = Automatic;
				CURRENT_PROJECT_VERSION = 1;
				DEVELOPMENT_ASSET_PATHS = "\"Archive/Preview Content\"";
				DEVELOPMENT_TEAM = Q36FPN948C;
				ENABLE_PREVIEWS = YES;
				GENERATE_INFOPLIST_FILE = YES;
				INFOPLIST_KEY_UIApplicationSceneManifest_Generation = YES;
				INFOPLIST_KEY_UIApplicationSupportsIndirectInputEvents = YES;
				INFOPLIST_KEY_UILaunchScreen_Generation = YES;
				INFOPLIST_KEY_UISupportedInterfaceOrientations_iPad = "UIInterfaceOrientationPortrait UIInterfaceOrientationPortraitUpsideDown UIInterfaceOrientationLandscapeLeft UIInterfaceOrientationLandscapeRight";
				INFOPLIST_KEY_UISupportedInterfaceOrientations_iPhone = "UIInterfaceOrientationPortrait UIInterfaceOrientationLandscapeLeft UIInterfaceOrientationLandscapeRight";
				IPHONEOS_DEPLOYMENT_TARGET = 16.0;
				LD_RUNPATH_SEARCH_PATHS = (
					"$(inherited)",
					"@executable_path/Frameworks",
				);
				MARKETING_VERSION = 1.0;
				PRODUCT_BUNDLE_IDENTIFIER = com.blurfree.Archive;
				PRODUCT_NAME = "$(TARGET_NAME)";
				SWIFT_EMIT_LOC_STRINGS = YES;
				SWIFT_VERSION = 5.0;
				TARGETED_DEVICE_FAMILY = "1,2";
			};
			name = Debug;
		};
		4734A19C2C7BA17200317948 /* Release */ = {
			isa = XCBuildConfiguration;
			buildSettings = {
				ASSETCATALOG_COMPILER_APPICON_NAME = AppIcon;
				ASSETCATALOG_COMPILER_GLOBAL_ACCENT_COLOR_NAME = AccentColor;
				CODE_SIGN_STYLE = Automatic;
				CURRENT_PROJECT_VERSION = 1;
				DEVELOPMENT_ASSET_PATHS = "\"Archive/Preview Content\"";
				DEVELOPMENT_TEAM = Q36FPN948C;
				ENABLE_PREVIEWS = YES;
				GENERATE_INFOPLIST_FILE = YES;
				INFOPLIST_KEY_UIApplicationSceneManifest_Generation = YES;
				INFOPLIST_KEY_UIApplicationSupportsIndirectInputEvents = YES;
				INFOPLIST_KEY_UILaunchScreen_Generation = YES;
				INFOPLIST_KEY_UISupportedInterfaceOrientations_iPad = "UIInterfaceOrientationPortrait UIInterfaceOrientationPortraitUpsideDown UIInterfaceOrientationLandscapeLeft UIInterfaceOrientationLandscapeRight";
				INFOPLIST_KEY_UISupportedInterfaceOrientations_iPhone = "UIInterfaceOrientationPortrait UIInterfaceOrientationLandscapeLeft UIInterfaceOrientationLandscapeRight";
				IPHONEOS_DEPLOYMENT_TARGET = 16.0;
				LD_RUNPATH_SEARCH_PATHS = (
					"$(inherited)",
					"@executable_path/Frameworks",
				);
				MARKETING_VERSION = 1.0;
				PRODUCT_BUNDLE_IDENTIFIER = com.blurfree.Archive;
				PRODUCT_NAME = "$(TARGET_NAME)";
				SWIFT_EMIT_LOC_STRINGS = YES;
				SWIFT_VERSION = 5.0;
				TARGETED_DEVICE_FAMILY = "1,2";
			};
			name = Release;
		};
/* End XCBuildConfiguration section */

/* Begin XCConfigurationList section */
		4734A1872C7BA17100317948 /* Build configuration list for PBXProject "Archive" */ = {
			isa = XCConfigurationList;
			buildConfigurations = (
				4734A1982C7BA17200317948 /* Debug */,
				4734A1992C7BA17200317948 /* Release */,
			);
			defaultConfigurationIsVisible = 0;
			defaultConfigurationName = Release;
		};
		4734A19A2C7BA17200317948 /* Build configuration list for PBXNativeTarget "Archive" */ = {
			isa = XCConfigurationList;
			buildConfigurations = (
				4734A19B2C7BA17200317948 /* Debug */,
				4734A19C2C7BA17200317948 /* Release */,
			);
			defaultConfigurationIsVisible = 0;
			defaultConfigurationName = Release;
		};
/* End XCConfigurationList section */
	};
	rootObject = 4734A1842C7BA17100317948 /* Project object */;
}
